
Microsoft Visual Studio Solution File, Format Version 12.00
# Visual Studio Version 16
VisualStudioVersion = 16.0.29519.181
MinimumVisualStudioVersion = 10.0.40219.1
Project("{FAE04EC0-301F-11D3-BF4B-00C04F79EFBC}") = "DesignPatterns", "DesignPatterns\DesignPatterns.csproj", "{D2763C10-5560-45DD-B2F5-810DFE6E68F8}"
EndProject
Global
	GlobalSection(SolutionConfigurationPlatforms) = preSolution
		Debug|Any CPU = Debug|Any CPU
		Release|Any CPU = Release|Any CPU
	EndGlobalSection
	GlobalSection(ProjectConfigurationPlatforms) = postSolution
		{D2763C10-5560-45DD-B2F5-810DFE6E68F8}.Debug|Any CPU.ActiveCfg = Debug|Any CPU
		{D2763C10-5560-45DD-B2F5-810DFE6E68F8}.Debug|Any CPU.Build.0 = Debug|Any CPU
		{D2763C10-5560-45DD-B2F5-810DFE6E68F8}.Release|Any CPU.ActiveCfg = Release|Any CPU
		{D2763C10-5560-45DD-B2F5-810DFE6E68F8}.Release|Any CPU.Build.0 = Release|Any CPU
	EndGlobalSection
	GlobalSection(SolutionProperties) = preSolution
		HideSolutionNode = FALSE
	EndGlobalSection
	GlobalSection(ExtensibilityGlobals) = postSolution
		SolutionGuid = {5601FBE2-6BF7-4A47-A35A-E182073EF846}
	EndGlobalSection
EndGlobal
